
Microsoft Visual Studio Solution File, Format Version 12.00
# Visual Studio Version 17
VisualStudioVersion = 17.5.33414.496
MinimumVisualStudioVersion = 10.0.40219.1
Project("{FAE04EC0-301F-11D3-BF4B-00C04F79EFBC}") = "RollercoasterReview", "RollercoasterReview\RollercoasterReview.csproj", "{74EEA3C1-7641-4618-96C2-D1703AAEB63C}"
EndProject
Global
	GlobalSection(SolutionConfigurationPlatforms) = preSolution
		Debug|Any CPU = Debug|Any CPU
		Release|Any CPU = Release|Any CPU
	EndGlobalSection
	GlobalSection(ProjectConfigurationPlatforms) = postSolution
		{74EEA3C1-7641-4618-96C2-D1703AAEB63C}.Debug|Any CPU.ActiveCfg = Debug|Any CPU
		{74EEA3C1-7641-4618-96C2-D1703AAEB63C}.Debug|Any CPU.Build.0 = Debug|Any CPU
		{74EEA3C1-7641-4618-96C2-D1703AAEB63C}.Release|Any CPU.ActiveCfg = Release|Any CPU
		{74EEA3C1-7641-4618-96C2-D1703AAEB63C}.Release|Any CPU.Build.0 = Release|Any CPU
	EndGlobalSection
	GlobalSection(SolutionProperties) = preSolution
		HideSolutionNode = FALSE
	EndGlobalSection
	GlobalSection(ExtensibilityGlobals) = postSolution
		SolutionGuid = {2004B157-F4D7-4BFE-9F14-1D9419673390}
	EndGlobalSection
EndGlobal
